// !$*UTF8*$!
{
	archiveVersion = 1;
	classes = {
	};
	objectVersion = 50;
	objects = {

/* Begin PBXBuildFile section */
		BA46F24B2510DAD200BDA896 /* AppDelegate.swift in Sources */ = {isa = PBXBuildFile; fileRef = BA46F24A2510DAD200BDA896 /* AppDelegate.swift */; };
		BA46F24D2510DAD200BDA896 /* SceneDelegate.swift in Sources */ = {isa = PBXBuildFile; fileRef = BA46F24C2510DAD200BDA896 /* SceneDelegate.swift */; };
		BA46F24F2510DAD200BDA896 /* ViewController.swift in Sources */ = {isa = PBXBuildFile; fileRef = BA46F24E2510DAD200BDA896 /* ViewController.swift */; };
		BA46F2522510DAD200BDA896 /* Main.storyboard in Resources */ = {isa = PBXBuildFile; fileRef = BA46F2502510DAD200BDA896 /* Main.storyboard */; };
		BA46F2542510DAD500BDA896 /* Assets.xcassets in Resources */ = {isa = PBXBuildFile; fileRef = BA46F2532510DAD500BDA896 /* Assets.xcassets */; };
		BA46F2572510DAD500BDA896 /* LaunchScreen.storyboard in Resources */ = {isa = PBXBuildFile; fileRef = BA46F2552510DAD500BDA896 /* LaunchScreen.storyboard */; };
		BA46F25F2510DE6600BDA896 /* Pokemon.swift in Sources */ = {isa = PBXBuildFile; fileRef = BA46F25E2510DE6500BDA896 /* Pokemon.swift */; };
		BA46F2612510E52C00BDA896 /* pokemonviewController.swift in Sources */ = {isa = PBXBuildFile; fileRef = BA46F2602510E52C00BDA896 /* pokemonviewController.swift */; };
/* End PBXBuildFile section */

/* Begin PBXFileReference section */
		BA46F2472510DAD100BDA896 /* Pokedex.app */ = {isa = PBXFileReference; explicitFileType = wrapper.application; includeInIndex = 0; path = Pokedex.app; sourceTree = BUILT_PRODUCTS_DIR; };
		BA46F24A2510DAD200BDA896 /* AppDelegate.swift */ = {isa = PBXFileReference; lastKnownFileType = sourcecode.swift; path = AppDelegate.swift; sourceTree = "<group>"; };
		BA46F24C2510DAD200BDA896 /* SceneDelegate.swift */ = {isa = PBXFileReference; lastKnownFileType = sourcecode.swift; path = SceneDelegate.swift; sourceTree = "<group>"; };
		BA46F24E2510DAD200BDA896 /* ViewController.swift */ = {isa = PBXFileReference; lastKnownFileType = sourcecode.swift; path = ViewController.swift; sourceTree = "<group>"; };
		BA46F2512510DAD200BDA896 /* Base */ = {isa = PBXFileReference; lastKnownFileType = file.storyboard; name = Base; path = Base.lproj/Main.storyboard; sourceTree = "<group>"; };
		BA46F2532510DAD500BDA896 /* Assets.xcassets */ = {isa = PBXFileReference; lastKnownFileType = folder.assetcatalog; path = Assets.xcassets; sourceTree = "<group>"; };
		BA46F2562510DAD500BDA896 /* Base */ = {isa = PBXFileReference; lastKnownFileType = file.storyboard; name = Base; path = Base.lproj/LaunchScreen.storyboard; sourceTree = "<group>"; };
		BA46F2582510DAD500BDA896 /* Info.plist */ = {isa = PBXFileReference; lastKnownFileType = text.plist.xml; path = Info.plist; sourceTree = "<group>"; };
		BA46F25E2510DE6500BDA896 /* Pokemon.swift */ = {isa = PBXFileReference; lastKnownFileType = sourcecode.swift; path = Pokemon.swift; sourceTree = "<group>"; };
		BA46F2602510E52C00BDA896 /* pokemonviewController.swift */ = {isa = PBXFileReference; lastKnownFileType = sourcecode.swift; path = pokemonviewController.swift; sourceTree = "<group>"; };
/* End PBXFileReference section */

/* Begin PBXFrameworksBuildPhase section */
		BA46F2442510DAD100BDA896 /* Frameworks */ = {
			isa = PBXFrameworksBuildPhase;
			buildActionMask = 2147483647;
			files = (
			);
			runOnlyForDeploymentPostprocessing = 0;
		};
/* End PBXFrameworksBuildPhase section */

/* Begin PBXGroup section */
		BA46F23E2510DAD100BDA896 = {
			isa = PBXGroup;
			children = (
				BA46F2492510DAD100BDA896 /* Pokedex */,
				BA46F2482510DAD100BDA896 /* Products */,
			);
			sourceTree = "<group>";
		};
		BA46F2482510DAD100BDA896 /* Products */ = {
			isa = PBXGroup;
			children = (
				BA46F2472510DAD100BDA896 /* Pokedex.app */,
			);
			name = Products;
			sourceTree = "<group>";
		};
		BA46F2492510DAD100BDA896 /* Pokedex */ = {
			isa = PBXGroup;
			children = (
				BA46F24A2510DAD200BDA896 /* AppDelegate.swift */,
				BA46F24C2510DAD200BDA896 /* SceneDelegate.swift */,
				BA46F24E2510DAD200BDA896 /* ViewController.swift */,
				BA46F2502510DAD200BDA896 /* Main.storyboard */,
				BA46F2532510DAD500BDA896 /* Assets.xcassets */,
				BA46F2552510DAD500BDA896 /* LaunchScreen.storyboard */,
				BA46F2582510DAD500BDA896 /* Info.plist */,
				BA46F25E2510DE6500BDA896 /* Pokemon.swift */,
				BA46F2602510E52C00BDA896 /* pokemonviewController.swift */,
			);
			path = Pokedex;
			sourceTree = "<group>";
		};
/* End PBXGroup section */

/* Begin PBXNativeTarget section */
		BA46F2462510DAD100BDA896 /* Pokedex */ = {
			isa = PBXNativeTarget;
			buildConfigurationList = BA46F25B2510DAD500BDA896 /* Build configuration list for PBXNativeTarget "Pokedex" */;
			buildPhases = (
				BA46F2432510DAD100BDA896 /* Sources */,
				BA46F2442510DAD100BDA896 /* Frameworks */,
				BA46F2452510DAD100BDA896 /* Resources */,
			);
			buildRules = (
			);
			dependencies = (
			);
			name = Pokedex;
			productName = Pokedex;
			productReference = BA46F2472510DAD100BDA896 /* Pokedex.app */;
			productType = "com.apple.product-type.application";
		};
/* End PBXNativeTarget section */

/* Begin PBXProject section */
		BA46F23F2510DAD100BDA896 /* Project object */ = {
			isa = PBXProject;
			attributes = {
				LastSwiftUpdateCheck = 1170;
				LastUpgradeCheck = 1170;
				ORGANIZATIONNAME = "Clement Koh Sze Hong";
				TargetAttributes = {
					BA46F2462510DAD100BDA896 = {
						CreatedOnToolsVersion = 11.7;
					};
				};
			};
			buildConfigurationList = BA46F2422510DAD100BDA896 /* Build configuration list for PBXProject "Pokedex" */;
			compatibilityVersion = "Xcode 9.3";
			developmentRegion = en;
			hasScannedForEncodings = 0;
			knownRegions = (
				en,
				Base,
			);
			mainGroup = BA46F23E2510DAD100BDA896;
			productRefGroup = BA46F2482510DAD100BDA896 /* Products */;
			projectDirPath = "";
			projectRoot = "";
			targets = (
				BA46F2462510DAD100BDA896 /* Pokedex */,
			);
		};
/* End PBXProject section */

/* Begin PBXResourcesBuildPhase section */
		BA46F2452510DAD100BDA896 /* Resources */ = {
			isa = PBXResourcesBuildPhase;
			buildActionMask = 2147483647;
			files = (
				BA46F2572510DAD500BDA896 /* LaunchScreen.storyboard in Resources */,
				BA46F2542510DAD500BDA896 /* Assets.xcassets in Resources */,
				BA46F2522510DAD200BDA896 /* Main.storyboard in Resources */,
			);
			runOnlyForDeploymentPostprocessing = 0;
		};
/* End PBXResourcesBuildPhase section */

/* Begin PBXSourcesBuildPhase section */
		BA46F2432510DAD100BDA896 /* Sources */ = {
			isa = PBXSourcesBuildPhase;
			buildActionMask = 2147483647;
			files = (
				BA46F2612510E52C00BDA896 /* pokemonviewController.swift in Sources */,
				BA46F24F2510DAD200BDA896 /* ViewController.swift in Sources */,
				BA46F25F2510DE6600BDA896 /* Pokemon.swift in Sources */,
				BA46F24B2510DAD200BDA896 /* AppDelegate.swift in Sources */,
				BA46F24D2510DAD200BDA896 /* SceneDelegate.swift in Sources */,
			);
			runOnlyForDeploymentPostprocessing = 0;
		};
/* End PBXSourcesBuildPhase section */

/* Begin PBXVariantGroup section */
		BA46F2502510DAD200BDA896 /* Main.storyboard */ = {
			isa = PBXVariantGroup;
			children = (
				BA46F2512510DAD200BDA896 /* Base */,
			);
			name = Main.storyboard;
			sourceTree = "<group>";
		};
		BA46F2552510DAD500BDA896 /* LaunchScreen.storyboard */ = {
			isa = PBXVariantGroup;
			children = (
				BA46F2562510DAD500BDA896 /* Base */,
			);
			name = LaunchScreen.storyboard;
			sourceTree = "<group>";
		};
/* End PBXVariantGroup section */

/* Begin XCBuildConfiguration section */
		BA46F2592510DAD500BDA896 /* Debug */ = {
			isa = XCBuildConfiguration;
			buildSettings = {
				ALWAYS_SEARCH_USER_PATHS = NO;
				CLANG_ANALYZER_NONNULL = YES;
				CLANG_ANALYZER_NUMBER_OBJECT_CONVERSION = YES_AGGRESSIVE;
				CLANG_CXX_LANGUAGE_STANDARD = "gnu++14";
				CLANG_CXX_LIBRARY = "libc++";
				CLANG_ENABLE_MODULES = YES;
				CLANG_ENABLE_OBJC_ARC = YES;
				CLANG_ENABLE_OBJC_WEAK = YES;
				CLANG_WARN_BLOCK_CAPTURE_AUTORELEASING = YES;
				CLANG_WARN_BOOL_CONVERSION = YES;
				CLANG_WARN_COMMA = YES;
				CLANG_WARN_CONSTANT_CONVERSION = YES;
				CLANG_WARN_DEPRECATED_OBJC_IMPLEMENTATIONS = YES;
				CLANG_WARN_DIRECT_OBJC_ISA_USAGE = YES_ERROR;
				CLANG_WARN_DOCUMENTATION_COMMENTS = YES;
				CLANG_WARN_EMPTY_BODY = YES;
				CLANG_WARN_ENUM_CONVERSION = YES;
				CLANG_WARN_INFINITE_RECURSION = YES;
				CLANG_WARN_INT_CONVERSION = YES;
				CLANG_WARN_NON_LITERAL_NULL_CONVERSION = YES;
				CLANG_WARN_OBJC_IMPLICIT_RETAIN_SELF = YES;
				CLANG_WARN_OBJC_LITERAL_CONVERSION = YES;
				CLANG_WARN_OBJC_ROOT_CLASS = YES_ERROR;
				CLANG_WARN_RANGE_LOOP_ANALYSIS = YES;
				CLANG_WARN_STRICT_PROTOTYPES = YES;
				CLANG_WARN_SUSPICIOUS_MOVE = YES;
				CLANG_WARN_UNGUARDED_AVAILABILITY = YES_AGGRESSIVE;
				CLANG_WARN_UNREACHABLE_CODE = YES;
				CLANG_WARN__DUPLICATE_METHOD_MATCH = YES;
				COPY_PHASE_STRIP = NO;
				DEBUG_INFORMATION_FORMAT = dwarf;
				ENABLE_STRICT_OBJC_MSGSEND = YES;
				ENABLE_TESTABILITY = YES;
				GCC_C_LANGUAGE_STANDARD = gnu11;
				GCC_DYNAMIC_NO_PIC = NO;
				GCC_NO_COMMON_BLOCKS = YES;
				GCC_OPTIMIZATION_LEVEL = 0;
				GCC_PREPROCESSOR_DEFINITIONS = (
					"DEBUG=1",
					"$(inherited)",
				);
				GCC_WARN_64_TO_32_BIT_CONVERSION = YES;
				GCC_WARN_ABOUT_RETURN_TYPE = YES_ERROR;
				GCC_WARN_UNDECLARED_SELECTOR = YES;
				GCC_WARN_UNINITIALIZED_AUTOS = YES_AGGRESSIVE;
				GCC_WARN_UNUSED_FUNCTION = YES;
				GCC_WARN_UNUSED_VARIABLE = YES;
				IPHONEOS_DEPLOYMENT_TARGET = 13.7;
				MTL_ENABLE_DEBUG_INFO = INCLUDE_SOURCE;
				MTL_FAST_MATH = YES;
				ONLY_ACTIVE_ARCH = YES;
				SDKROOT = iphoneos;
				SWIFT_ACTIVE_COMPILATION_CONDITIONS = DEBUG;
				SWIFT_OPTIMIZATION_LEVEL = "-Onone";
			};
			name = Debug;
		};
		BA46F25A2510DAD500BDA896 /* Release */ = {
			isa = XCBuildConfiguration;
			buildSettings = {
				ALWAYS_SEARCH_USER_PATHS = NO;
				CLANG_ANALYZER_NONNULL = YES;
				CLANG_ANALYZER_NUMBER_OBJECT_CONVERSION = YES_AGGRESSIVE;
				CLANG_CXX_LANGUAGE_STANDARD = "gnu++14";
				CLANG_CXX_LIBRARY = "libc++";
				CLANG_ENABLE_MODULES = YES;
				CLANG_ENABLE_OBJC_ARC = YES;
				CLANG_ENABLE_OBJC_WEAK = YES;
				CLANG_WARN_BLOCK_CAPTURE_AUTORELEASING = YES;
				CLANG_WARN_BOOL_CONVERSION = YES;
				CLANG_WARN_COMMA = YES;
				CLANG_WARN_CONSTANT_CONVERSION = YES;
				CLANG_WARN_DEPRECATED_OBJC_IMPLEMENTATIONS = YES;
				CLANG_WARN_DIRECT_OBJC_ISA_USAGE = YES_ERROR;
				CLANG_WARN_DOCUMENTATION_COMMENTS = YES;
				CLANG_WARN_EMPTY_BODY = YES;
				CLANG_WARN_ENUM_CONVERSION = YES;
				CLANG_WARN_INFINITE_RECURSION = YES;
				CLANG_WARN_INT_CONVERSION = YES;
				CLANG_WARN_NON_LITERAL_NULL_CONVERSION = YES;
				CLANG_WARN_OBJC_IMPLICIT_RETAIN_SELF = YES;
				CLANG_WARN_OBJC_LITERAL_CONVERSION = YES;
				CLANG_WARN_OBJC_ROOT_CLASS = YES_ERROR;
				CLANG_WARN_RANGE_LOOP_ANALYSIS = YES;
				CLANG_WARN_STRICT_PROTOTYPES = YES;
				CLANG_WARN_SUSPICIOUS_MOVE = YES;
				CLANG_WARN_UNGUARDED_AVAILABILITY = YES_AGGRESSIVE;
				CLANG_WARN_UNREACHABLE_CODE = YES;
				CLANG_WARN__DUPLICATE_METHOD_MATCH = YES;
				COPY_PHASE_STRIP = NO;
				DEBUG_INFORMATION_FORMAT = "dwarf-with-dsym";
				ENABLE_NS_ASSERTIONS = NO;
				ENABLE_STRICT_OBJC_MSGSEND = YES;
				GCC_C_LANGUAGE_STANDARD = gnu11;
				GCC_NO_COMMON_BLOCKS = YES;
				GCC_WARN_64_TO_32_BIT_CONVERSION = YES;
				GCC_WARN_ABOUT_RETURN_TYPE = YES_ERROR;
				GCC_WARN_UNDECLARED_SELECTOR = YES;
				GCC_WARN_UNINITIALIZED_AUTOS = YES_AGGRESSIVE;
				GCC_WARN_UNUSED_FUNCTION = YES;
				GCC_WARN_UNUSED_VARIABLE = YES;
				IPHONEOS_DEPLOYMENT_TARGET = 13.7;
				MTL_ENABLE_DEBUG_INFO = NO;
				MTL_FAST_MATH = YES;
				SDKROOT = iphoneos;
				SWIFT_COMPILATION_MODE = wholemodule;
				SWIFT_OPTIMIZATION_LEVEL = "-O";
				VALIDATE_PRODUCT = YES;
			};
			name = Release;
		};
		BA46F25C2510DAD500BDA896 /* Debug */ = {
			isa = XCBuildConfiguration;
			buildSettings = {
				ASSETCATALOG_COMPILER_APPICON_NAME = AppIcon;
				CODE_SIGN_STYLE = Automatic;
				INFOPLIST_FILE = Pokedex/Info.plist;
				LD_RUNPATH_SEARCH_PATHS = (
					"$(inherited)",
					"@executable_path/Frameworks",
				);
				PRODUCT_BUNDLE_IDENTIFIER = KSH.Clement.Pokedex;
				PRODUCT_NAME = "$(TARGET_NAME)";
				SWIFT_VERSION = 5.0;
				TARGETED_DEVICE_FAMILY = "1,2";
			};
			name = Debug;
		};
		BA46F25D2510DAD500BDA896 /* Release */ = {
			isa = XCBuildConfiguration;
			buildSettings = {
				ASSETCATALOG_COMPILER_APPICON_NAME = AppIcon;
				CODE_SIGN_STYLE = Automatic;
				INFOPLIST_FILE = Pokedex/Info.plist;
				LD_RUNPATH_SEARCH_PATHS = (
					"$(inherited)",
					"@executable_path/Frameworks",
				);
				PRODUCT_BUNDLE_IDENTIFIER = KSH.Clement.Pokedex;
				PRODUCT_NAME = "$(TARGET_NAME)";
				SWIFT_VERSION = 5.0;
				TARGETED_DEVICE_FAMILY = "1,2";
			};
			name = Release;
		};
/* End XCBuildConfiguration section */

/* Begin XCConfigurationList section */
		BA46F2422510DAD100BDA896 /* Build configuration list for PBXProject "Pokedex" */ = {
			isa = XCConfigurationList;
			buildConfigurations = (
				BA46F2592510DAD500BDA896 /* Debug */,
				BA46F25A2510DAD500BDA896 /* Release */,
			);
			defaultConfigurationIsVisible = 0;
			defaultConfigurationName = Release;
		};
		BA46F25B2510DAD500BDA896 /* Build configuration list for PBXNativeTarget "Pokedex" */ = {
			isa = XCConfigurationList;
			buildConfigurations = (
				BA46F25C2510DAD500BDA896 /* Debug */,
				BA46F25D2510DAD500BDA896 /* Release */,
			);
			defaultConfigurationIsVisible = 0;
			defaultConfigurationName = Release;
		};
/* End XCConfigurationList section */
	};
	rootObject = BA46F23F2510DAD100BDA896 /* Project object */;
}
